
Microsoft Visual Studio Solution File, Format Version 12.00
# Visual Studio Version 16
VisualStudioVersion = 16.0.31624.102
MinimumVisualStudioVersion = 10.0.40219.1
Project("{FAE04EC0-301F-11D3-BF4B-00C04F79EFBC}") = "Api", "Api.csproj", "{9A97A869-C980-4A48-BE46-976D2A08659D}"
EndProject
Global
	GlobalSection(SolutionConfigurationPlatforms) = preSolution
		Debug|Any CPU = Debug|Any CPU
		Release|Any CPU = Release|Any CPU
	EndGlobalSection
	GlobalSection(ProjectConfigurationPlatforms) = postSolution
		{9A97A869-C980-4A48-BE46-976D2A08659D}.Debug|Any CPU.ActiveCfg = Debug|Any CPU
		{9A97A869-C980-4A48-BE46-976D2A08659D}.Debug|Any CPU.Build.0 = Debug|Any CPU
		{9A97A869-C980-4A48-BE46-976D2A08659D}.Release|Any CPU.ActiveCfg = Release|Any CPU
		{9A97A869-C980-4A48-BE46-976D2A08659D}.Release|Any CPU.Build.0 = Release|Any CPU
	EndGlobalSection
	GlobalSection(SolutionProperties) = preSolution
		HideSolutionNode = FALSE
	EndGlobalSection
	GlobalSection(ExtensibilityGlobals) = postSolution
		SolutionGuid = {80467051-8835-4472-89F3-D5BD6C993AD1}
	EndGlobalSection
EndGlobal
